// !$*UTF8*$!
{
	archiveVersion = 1;
	classes = {
	};
	objectVersion = 56;
	objects = {

/* Begin PBXBuildFile section */
		EE05EB242B75958700B00CFD /* InputUnitView.swift in Sources */ = {isa = PBXBuildFile; fileRef = EE05EB232B75958600B00CFD /* InputUnitView.swift */; };
		EE23DCB02B73D66F004E2292 /* UnitConverterApp.swift in Sources */ = {isa = PBXBuildFile; fileRef = EE23DCAF2B73D66F004E2292 /* UnitConverterApp.swift */; };
		EE23DCB22B73D66F004E2292 /* ContentView.swift in Sources */ = {isa = PBXBuildFile; fileRef = EE23DCB12B73D66F004E2292 /* ContentView.swift */; };
		EE23DCB42B73D670004E2292 /* Assets.xcassets in Resources */ = {isa = PBXBuildFile; fileRef = EE23DCB32B73D670004E2292 /* Assets.xcassets */; };
		EE23DCB72B73D671004E2292 /* Preview Assets.xcassets in Resources */ = {isa = PBXBuildFile; fileRef = EE23DCB62B73D671004E2292 /* Preview Assets.xcassets */; };
		EE23DCBF2B73F00A004E2292 /* LengthUnits.swift in Sources */ = {isa = PBXBuildFile; fileRef = EE23DCBE2B73F00A004E2292 /* LengthUnits.swift */; };
		EE23DCC12B73F01B004E2292 /* VolumeUnits.swift in Sources */ = {isa = PBXBuildFile; fileRef = EE23DCC02B73F01B004E2292 /* VolumeUnits.swift */; };
		EE23DCC32B73F025004E2292 /* TimeUnits.swift in Sources */ = {isa = PBXBuildFile; fileRef = EE23DCC22B73F025004E2292 /* TimeUnits.swift */; };
		EE23DCC52B73F031004E2292 /* TemperatureUnits.swift in Sources */ = {isa = PBXBuildFile; fileRef = EE23DCC42B73F031004E2292 /* TemperatureUnits.swift */; };
		EE23DCC82B73F22A004E2292 /* UnitConversor.swift in Sources */ = {isa = PBXBuildFile; fileRef = EE23DCC72B73F22A004E2292 /* UnitConversor.swift */; };
		EE73FD062B743C720045357C /* UnitType.swift in Sources */ = {isa = PBXBuildFile; fileRef = EE73FD052B743C720045357C /* UnitType.swift */; };
		EE73FD092B7446690045357C /* ConverterView.swift in Sources */ = {isa = PBXBuildFile; fileRef = EE73FD082B7446690045357C /* ConverterView.swift */; };
		EE73FD0B2B7446820045357C /* ConverterViewModel.swift in Sources */ = {isa = PBXBuildFile; fileRef = EE73FD0A2B7446820045357C /* ConverterViewModel.swift */; };
		EEA36B492B7AA18000008610 /* OutputUnitView.swift in Sources */ = {isa = PBXBuildFile; fileRef = EEA36B482B7AA18000008610 /* OutputUnitView.swift */; };
		EEA36B4B2B7AA30C00008610 /* UnitTypeSelectorView.swift in Sources */ = {isa = PBXBuildFile; fileRef = EEA36B4A2B7AA30C00008610 /* UnitTypeSelectorView.swift */; };
/* End PBXBuildFile section */

/* Begin PBXFileReference section */
		EE05EB232B75958600B00CFD /* InputUnitView.swift */ = {isa = PBXFileReference; lastKnownFileType = sourcecode.swift; path = InputUnitView.swift; sourceTree = "<group>"; };
		EE23DCAC2B73D66F004E2292 /* UnitConverter.app */ = {isa = PBXFileReference; explicitFileType = wrapper.application; includeInIndex = 0; path = UnitConverter.app; sourceTree = BUILT_PRODUCTS_DIR; };
		EE23DCAF2B73D66F004E2292 /* UnitConverterApp.swift */ = {isa = PBXFileReference; lastKnownFileType = sourcecode.swift; path = UnitConverterApp.swift; sourceTree = "<group>"; };
		EE23DCB12B73D66F004E2292 /* ContentView.swift */ = {isa = PBXFileReference; lastKnownFileType = sourcecode.swift; path = ContentView.swift; sourceTree = "<group>"; };
		EE23DCB32B73D670004E2292 /* Assets.xcassets */ = {isa = PBXFileReference; lastKnownFileType = folder.assetcatalog; path = Assets.xcassets; sourceTree = "<group>"; };
		EE23DCB62B73D671004E2292 /* Preview Assets.xcassets */ = {isa = PBXFileReference; lastKnownFileType = folder.assetcatalog; path = "Preview Assets.xcassets"; sourceTree = "<group>"; };
		EE23DCBE2B73F00A004E2292 /* LengthUnits.swift */ = {isa = PBXFileReference; lastKnownFileType = sourcecode.swift; path = LengthUnits.swift; sourceTree = "<group>"; };
		EE23DCC02B73F01B004E2292 /* VolumeUnits.swift */ = {isa = PBXFileReference; lastKnownFileType = sourcecode.swift; path = VolumeUnits.swift; sourceTree = "<group>"; };
		EE23DCC22B73F025004E2292 /* TimeUnits.swift */ = {isa = PBXFileReference; lastKnownFileType = sourcecode.swift; path = TimeUnits.swift; sourceTree = "<group>"; };
		EE23DCC42B73F031004E2292 /* TemperatureUnits.swift */ = {isa = PBXFileReference; lastKnownFileType = sourcecode.swift; path = TemperatureUnits.swift; sourceTree = "<group>"; };
		EE23DCC72B73F22A004E2292 /* UnitConversor.swift */ = {isa = PBXFileReference; lastKnownFileType = sourcecode.swift; path = UnitConversor.swift; sourceTree = "<group>"; };
		EE73FD052B743C720045357C /* UnitType.swift */ = {isa = PBXFileReference; lastKnownFileType = sourcecode.swift; path = UnitType.swift; sourceTree = "<group>"; };
		EE73FD082B7446690045357C /* ConverterView.swift */ = {isa = PBXFileReference; lastKnownFileType = sourcecode.swift; path = ConverterView.swift; sourceTree = "<group>"; };
		EE73FD0A2B7446820045357C /* ConverterViewModel.swift */ = {isa = PBXFileReference; lastKnownFileType = sourcecode.swift; path = ConverterViewModel.swift; sourceTree = "<group>"; };
		EEA36B482B7AA18000008610 /* OutputUnitView.swift */ = {isa = PBXFileReference; lastKnownFileType = sourcecode.swift; path = OutputUnitView.swift; sourceTree = "<group>"; };
		EEA36B4A2B7AA30C00008610 /* UnitTypeSelectorView.swift */ = {isa = PBXFileReference; lastKnownFileType = sourcecode.swift; path = UnitTypeSelectorView.swift; sourceTree = "<group>"; };
/* End PBXFileReference section */

/* Begin PBXFrameworksBuildPhase section */
		EE23DCA92B73D66F004E2292 /* Frameworks */ = {
			isa = PBXFrameworksBuildPhase;
			buildActionMask = 2147483647;
			files = (
			);
			runOnlyForDeploymentPostprocessing = 0;
		};
/* End PBXFrameworksBuildPhase section */

/* Begin PBXGroup section */
		EE05EB212B75906F00B00CFD /* Enums */ = {
			isa = PBXGroup;
			children = (
				EE23DCBE2B73F00A004E2292 /* LengthUnits.swift */,
				EE23DCC22B73F025004E2292 /* TimeUnits.swift */,
				EE23DCC42B73F031004E2292 /* TemperatureUnits.swift */,
				EE23DCC02B73F01B004E2292 /* VolumeUnits.swift */,
				EE73FD052B743C720045357C /* UnitType.swift */,
			);
			path = Enums;
			sourceTree = "<group>";
		};
		EE05EB222B75908000B00CFD /* Protocols */ = {
			isa = PBXGroup;
			children = (
				EE23DCC72B73F22A004E2292 /* UnitConversor.swift */,
			);
			path = Protocols;
			sourceTree = "<group>";
		};
		EE23DCA32B73D66F004E2292 = {
			isa = PBXGroup;
			children = (
				EE23DCAE2B73D66F004E2292 /* UnitConverter */,
				EE23DCAD2B73D66F004E2292 /* Products */,
			);
			sourceTree = "<group>";
		};
		EE23DCAD2B73D66F004E2292 /* Products */ = {
			isa = PBXGroup;
			children = (
				EE23DCAC2B73D66F004E2292 /* UnitConverter.app */,
			);
			name = Products;
			sourceTree = "<group>";
		};
		EE23DCAE2B73D66F004E2292 /* UnitConverter */ = {
			isa = PBXGroup;
			children = (
				EEA36B4C2B7AA78200008610 /* Components */,
				EE23DCBD2B73EF8B004E2292 /* Helper */,
				EE73FD072B7446240045357C /* Views */,
				EE23DCAF2B73D66F004E2292 /* UnitConverterApp.swift */,
				EE23DCB12B73D66F004E2292 /* ContentView.swift */,
				EE23DCB32B73D670004E2292 /* Assets.xcassets */,
				EE23DCB52B73D671004E2292 /* Preview Content */,
			);
			path = UnitConverter;
			sourceTree = "<group>";
		};
		EE23DCB52B73D671004E2292 /* Preview Content */ = {
			isa = PBXGroup;
			children = (
				EE23DCB62B73D671004E2292 /* Preview Assets.xcassets */,
			);
			path = "Preview Content";
			sourceTree = "<group>";
		};
		EE23DCBD2B73EF8B004E2292 /* Helper */ = {
			isa = PBXGroup;
			children = (
				EE05EB222B75908000B00CFD /* Protocols */,
				EE05EB212B75906F00B00CFD /* Enums */,
			);
			path = Helper;
			sourceTree = "<group>";
		};
		EE73FD072B7446240045357C /* Views */ = {
			isa = PBXGroup;
			children = (
				EE73FD082B7446690045357C /* ConverterView.swift */,
				EE73FD0A2B7446820045357C /* ConverterViewModel.swift */,
			);
			path = Views;
			sourceTree = "<group>";
		};
		EEA36B4C2B7AA78200008610 /* Components */ = {
			isa = PBXGroup;
			children = (
				EE05EB232B75958600B00CFD /* InputUnitView.swift */,
				EEA36B482B7AA18000008610 /* OutputUnitView.swift */,
				EEA36B4A2B7AA30C00008610 /* UnitTypeSelectorView.swift */,
			);
			path = Components;
			sourceTree = "<group>";
		};
/* End PBXGroup section */

/* Begin PBXNativeTarget section */
		EE23DCAB2B73D66F004E2292 /* UnitConverter */ = {
			isa = PBXNativeTarget;
			buildConfigurationList = EE23DCBA2B73D671004E2292 /* Build configuration list for PBXNativeTarget "UnitConverter" */;
			buildPhases = (
				EE23DCA82B73D66F004E2292 /* Sources */,
				EE23DCA92B73D66F004E2292 /* Frameworks */,
				EE23DCAA2B73D66F004E2292 /* Resources */,
			);
			buildRules = (
			);
			dependencies = (
			);
			name = UnitConverter;
			productName = UnitConverter;
			productReference = EE23DCAC2B73D66F004E2292 /* UnitConverter.app */;
			productType = "com.apple.product-type.application";
		};
/* End PBXNativeTarget section */

/* Begin PBXProject section */
		EE23DCA42B73D66F004E2292 /* Project object */ = {
			isa = PBXProject;
			attributes = {
				BuildIndependentTargetsInParallel = 1;
				LastSwiftUpdateCheck = 1520;
				LastUpgradeCheck = 1520;
				TargetAttributes = {
					EE23DCAB2B73D66F004E2292 = {
						CreatedOnToolsVersion = 15.2;
					};
				};
			};
			buildConfigurationList = EE23DCA72B73D66F004E2292 /* Build configuration list for PBXProject "UnitConverter" */;
			compatibilityVersion = "Xcode 14.0";
			developmentRegion = en;
			hasScannedForEncodings = 0;
			knownRegions = (
				en,
				Base,
			);
			mainGroup = EE23DCA32B73D66F004E2292;
			productRefGroup = EE23DCAD2B73D66F004E2292 /* Products */;
			projectDirPath = "";
			projectRoot = "";
			targets = (
				EE23DCAB2B73D66F004E2292 /* UnitConverter */,
			);
		};
/* End PBXProject section */

/* Begin PBXResourcesBuildPhase section */
		EE23DCAA2B73D66F004E2292 /* Resources */ = {
			isa = PBXResourcesBuildPhase;
			buildActionMask = 2147483647;
			files = (
				EE23DCB72B73D671004E2292 /* Preview Assets.xcassets in Resources */,
				EE23DCB42B73D670004E2292 /* Assets.xcassets in Resources */,
			);
			runOnlyForDeploymentPostprocessing = 0;
		};
/* End PBXResourcesBuildPhase section */

/* Begin PBXSourcesBuildPhase section */
		EE23DCA82B73D66F004E2292 /* Sources */ = {
			isa = PBXSourcesBuildPhase;
			buildActionMask = 2147483647;
			files = (
				EE05EB242B75958700B00CFD /* InputUnitView.swift in Sources */,
				EE73FD092B7446690045357C /* ConverterView.swift in Sources */,
				EE73FD0B2B7446820045357C /* ConverterViewModel.swift in Sources */,
				EE23DCB22B73D66F004E2292 /* ContentView.swift in Sources */,
				EE23DCBF2B73F00A004E2292 /* LengthUnits.swift in Sources */,
				EE23DCB02B73D66F004E2292 /* UnitConverterApp.swift in Sources */,
				EE73FD062B743C720045357C /* UnitType.swift in Sources */,
				EE23DCC32B73F025004E2292 /* TimeUnits.swift in Sources */,
				EE23DCC82B73F22A004E2292 /* UnitConversor.swift in Sources */,
				EE23DCC52B73F031004E2292 /* TemperatureUnits.swift in Sources */,
				EEA36B4B2B7AA30C00008610 /* UnitTypeSelectorView.swift in Sources */,
				EE23DCC12B73F01B004E2292 /* VolumeUnits.swift in Sources */,
				EEA36B492B7AA18000008610 /* OutputUnitView.swift in Sources */,
			);
			runOnlyForDeploymentPostprocessing = 0;
		};
/* End PBXSourcesBuildPhase section */

/* Begin XCBuildConfiguration section */
		EE23DCB82B73D671004E2292 /* Debug */ = {
			isa = XCBuildConfiguration;
			buildSettings = {
				ALWAYS_SEARCH_USER_PATHS = NO;
				ASSETCATALOG_COMPILER_GENERATE_SWIFT_ASSET_SYMBOL_EXTENSIONS = YES;
				CLANG_ANALYZER_NONNULL = YES;
				CLANG_ANALYZER_NUMBER_OBJECT_CONVERSION = YES_AGGRESSIVE;
				CLANG_CXX_LANGUAGE_STANDARD = "gnu++20";
				CLANG_ENABLE_MODULES = YES;
				CLANG_ENABLE_OBJC_ARC = YES;
				CLANG_ENABLE_OBJC_WEAK = YES;
				CLANG_WARN_BLOCK_CAPTURE_AUTORELEASING = YES;
				CLANG_WARN_BOOL_CONVERSION = YES;
				CLANG_WARN_COMMA = YES;
				CLANG_WARN_CONSTANT_CONVERSION = YES;
				CLANG_WARN_DEPRECATED_OBJC_IMPLEMENTATIONS = YES;
				CLANG_WARN_DIRECT_OBJC_ISA_USAGE = YES_ERROR;
				CLANG_WARN_DOCUMENTATION_COMMENTS = YES;
				CLANG_WARN_EMPTY_BODY = YES;
				CLANG_WARN_ENUM_CONVERSION = YES;
				CLANG_WARN_INFINITE_RECURSION = YES;
				CLANG_WARN_INT_CONVERSION = YES;
				CLANG_WARN_NON_LITERAL_NULL_CONVERSION = YES;
				CLANG_WARN_OBJC_IMPLICIT_RETAIN_SELF = YES;
				CLANG_WARN_OBJC_LITERAL_CONVERSION = YES;
				CLANG_WARN_OBJC_ROOT_CLASS = YES_ERROR;
				CLANG_WARN_QUOTED_INCLUDE_IN_FRAMEWORK_HEADER = YES;
				CLANG_WARN_RANGE_LOOP_ANALYSIS = YES;
				CLANG_WARN_STRICT_PROTOTYPES = YES;
				CLANG_WARN_SUSPICIOUS_MOVE = YES;
				CLANG_WARN_UNGUARDED_AVAILABILITY = YES_AGGRESSIVE;
				CLANG_WARN_UNREACHABLE_CODE = YES;
				CLANG_WARN__DUPLICATE_METHOD_MATCH = YES;
				COPY_PHASE_STRIP = NO;
				DEBUG_INFORMATION_FORMAT = dwarf;
				ENABLE_STRICT_OBJC_MSGSEND = YES;
				ENABLE_TESTABILITY = YES;
				ENABLE_USER_SCRIPT_SANDBOXING = YES;
				GCC_C_LANGUAGE_STANDARD = gnu17;
				GCC_DYNAMIC_NO_PIC = NO;
				GCC_NO_COMMON_BLOCKS = YES;
				GCC_OPTIMIZATION_LEVEL = 0;
				GCC_PREPROCESSOR_DEFINITIONS = (
					"DEBUG=1",
					"$(inherited)",
				);
				GCC_WARN_64_TO_32_BIT_CONVERSION = YES;
				GCC_WARN_ABOUT_RETURN_TYPE = YES_ERROR;
				GCC_WARN_UNDECLARED_SELECTOR = YES;
				GCC_WARN_UNINITIALIZED_AUTOS = YES_AGGRESSIVE;
				GCC_WARN_UNUSED_FUNCTION = YES;
				GCC_WARN_UNUSED_VARIABLE = YES;
				IPHONEOS_DEPLOYMENT_TARGET = 17.2;
				LOCALIZATION_PREFERS_STRING_CATALOGS = YES;
				MTL_ENABLE_DEBUG_INFO = INCLUDE_SOURCE;
				MTL_FAST_MATH = YES;
				ONLY_ACTIVE_ARCH = YES;
				SDKROOT = iphoneos;
				SWIFT_ACTIVE_COMPILATION_CONDITIONS = "DEBUG $(inherited)";
				SWIFT_OPTIMIZATION_LEVEL = "-Onone";
			};
			name = Debug;
		};
		EE23DCB92B73D671004E2292 /* Release */ = {
			isa = XCBuildConfiguration;
			buildSettings = {
				ALWAYS_SEARCH_USER_PATHS = NO;
				ASSETCATALOG_COMPILER_GENERATE_SWIFT_ASSET_SYMBOL_EXTENSIONS = YES;
				CLANG_ANALYZER_NONNULL = YES;
				CLANG_ANALYZER_NUMBER_OBJECT_CONVERSION = YES_AGGRESSIVE;
				CLANG_CXX_LANGUAGE_STANDARD = "gnu++20";
				CLANG_ENABLE_MODULES = YES;
				CLANG_ENABLE_OBJC_ARC = YES;
				CLANG_ENABLE_OBJC_WEAK = YES;
				CLANG_WARN_BLOCK_CAPTURE_AUTORELEASING = YES;
				CLANG_WARN_BOOL_CONVERSION = YES;
				CLANG_WARN_COMMA = YES;
				CLANG_WARN_CONSTANT_CONVERSION = YES;
				CLANG_WARN_DEPRECATED_OBJC_IMPLEMENTATIONS = YES;
				CLANG_WARN_DIRECT_OBJC_ISA_USAGE = YES_ERROR;
				CLANG_WARN_DOCUMENTATION_COMMENTS = YES;
				CLANG_WARN_EMPTY_BODY = YES;
				CLANG_WARN_ENUM_CONVERSION = YES;
				CLANG_WARN_INFINITE_RECURSION = YES;
				CLANG_WARN_INT_CONVERSION = YES;
				CLANG_WARN_NON_LITERAL_NULL_CONVERSION = YES;
				CLANG_WARN_OBJC_IMPLICIT_RETAIN_SELF = YES;
				CLANG_WARN_OBJC_LITERAL_CONVERSION = YES;
				CLANG_WARN_OBJC_ROOT_CLASS = YES_ERROR;
				CLANG_WARN_QUOTED_INCLUDE_IN_FRAMEWORK_HEADER = YES;
				CLANG_WARN_RANGE_LOOP_ANALYSIS = YES;
				CLANG_WARN_STRICT_PROTOTYPES = YES;
				CLANG_WARN_SUSPICIOUS_MOVE = YES;
				CLANG_WARN_UNGUARDED_AVAILABILITY = YES_AGGRESSIVE;
				CLANG_WARN_UNREACHABLE_CODE = YES;
				CLANG_WARN__DUPLICATE_METHOD_MATCH = YES;
				COPY_PHASE_STRIP = NO;
				DEBUG_INFORMATION_FORMAT = "dwarf-with-dsym";
				ENABLE_NS_ASSERTIONS = NO;
				ENABLE_STRICT_OBJC_MSGSEND = YES;
				ENABLE_USER_SCRIPT_SANDBOXING = YES;
				GCC_C_LANGUAGE_STANDARD = gnu17;
				GCC_NO_COMMON_BLOCKS = YES;
				GCC_WARN_64_TO_32_BIT_CONVERSION = YES;
				GCC_WARN_ABOUT_RETURN_TYPE = YES_ERROR;
				GCC_WARN_UNDECLARED_SELECTOR = YES;
				GCC_WARN_UNINITIALIZED_AUTOS = YES_AGGRESSIVE;
				GCC_WARN_UNUSED_FUNCTION = YES;
				GCC_WARN_UNUSED_VARIABLE = YES;
				IPHONEOS_DEPLOYMENT_TARGET = 17.2;
				LOCALIZATION_PREFERS_STRING_CATALOGS = YES;
				MTL_ENABLE_DEBUG_INFO = NO;
				MTL_FAST_MATH = YES;
				SDKROOT = iphoneos;
				SWIFT_COMPILATION_MODE = wholemodule;
				VALIDATE_PRODUCT = YES;
			};
			name = Release;
		};
		EE23DCBB2B73D671004E2292 /* Debug */ = {
			isa = XCBuildConfiguration;
			buildSettings = {
				ASSETCATALOG_COMPILER_APPICON_NAME = AppIcon;
				ASSETCATALOG_COMPILER_GLOBAL_ACCENT_COLOR_NAME = AccentColor;
				CODE_SIGN_STYLE = Automatic;
				CURRENT_PROJECT_VERSION = 1;
				DEVELOPMENT_ASSET_PATHS = "\"UnitConverter/Preview Content\"";
				DEVELOPMENT_TEAM = 95S4YF8VTJ;
				ENABLE_PREVIEWS = YES;
				GENERATE_INFOPLIST_FILE = YES;
				INFOPLIST_KEY_UIApplicationSceneManifest_Generation = YES;
				INFOPLIST_KEY_UIApplicationSupportsIndirectInputEvents = YES;
				INFOPLIST_KEY_UILaunchScreen_Generation = YES;
				INFOPLIST_KEY_UISupportedInterfaceOrientations_iPad = "UIInterfaceOrientationPortrait UIInterfaceOrientationPortraitUpsideDown UIInterfaceOrientationLandscapeLeft UIInterfaceOrientationLandscapeRight";
				INFOPLIST_KEY_UISupportedInterfaceOrientations_iPhone = "UIInterfaceOrientationPortrait UIInterfaceOrientationLandscapeLeft UIInterfaceOrientationLandscapeRight";
				LD_RUNPATH_SEARCH_PATHS = (
					"$(inherited)",
					"@executable_path/Frameworks",
				);
				MARKETING_VERSION = 1.0;
				PRODUCT_BUNDLE_IDENTIFIER = com.lugo.reiwil.UnitConverter;
				PRODUCT_NAME = "$(TARGET_NAME)";
				SWIFT_EMIT_LOC_STRINGS = YES;
				SWIFT_VERSION = 5.0;
				TARGETED_DEVICE_FAMILY = "1,2";
			};
			name = Debug;
		};
		EE23DCBC2B73D671004E2292 /* Release */ = {
			isa = XCBuildConfiguration;
			buildSettings = {
				ASSETCATALOG_COMPILER_APPICON_NAME = AppIcon;
				ASSETCATALOG_COMPILER_GLOBAL_ACCENT_COLOR_NAME = AccentColor;
				CODE_SIGN_STYLE = Automatic;
				CURRENT_PROJECT_VERSION = 1;
				DEVELOPMENT_ASSET_PATHS = "\"UnitConverter/Preview Content\"";
				DEVELOPMENT_TEAM = 95S4YF8VTJ;
				ENABLE_PREVIEWS = YES;
				GENERATE_INFOPLIST_FILE = YES;
				INFOPLIST_KEY_UIApplicationSceneManifest_Generation = YES;
				INFOPLIST_KEY_UIApplicationSupportsIndirectInputEvents = YES;
				INFOPLIST_KEY_UILaunchScreen_Generation = YES;
				INFOPLIST_KEY_UISupportedInterfaceOrientations_iPad = "UIInterfaceOrientationPortrait UIInterfaceOrientationPortraitUpsideDown UIInterfaceOrientationLandscapeLeft UIInterfaceOrientationLandscapeRight";
				INFOPLIST_KEY_UISupportedInterfaceOrientations_iPhone = "UIInterfaceOrientationPortrait UIInterfaceOrientationLandscapeLeft UIInterfaceOrientationLandscapeRight";
				LD_RUNPATH_SEARCH_PATHS = (
					"$(inherited)",
					"@executable_path/Frameworks",
				);
				MARKETING_VERSION = 1.0;
				PRODUCT_BUNDLE_IDENTIFIER = com.lugo.reiwil.UnitConverter;
				PRODUCT_NAME = "$(TARGET_NAME)";
				SWIFT_EMIT_LOC_STRINGS = YES;
				SWIFT_VERSION = 5.0;
				TARGETED_DEVICE_FAMILY = "1,2";
			};
			name = Release;
		};
/* End XCBuildConfiguration section */

/* Begin XCConfigurationList section */
		EE23DCA72B73D66F004E2292 /* Build configuration list for PBXProject "UnitConverter" */ = {
			isa = XCConfigurationList;
			buildConfigurations = (
				EE23DCB82B73D671004E2292 /* Debug */,
				EE23DCB92B73D671004E2292 /* Release */,
			);
			defaultConfigurationIsVisible = 0;
			defaultConfigurationName = Release;
		};
		EE23DCBA2B73D671004E2292 /* Build configuration list for PBXNativeTarget "UnitConverter" */ = {
			isa = XCConfigurationList;
			buildConfigurations = (
				EE23DCBB2B73D671004E2292 /* Debug */,
				EE23DCBC2B73D671004E2292 /* Release */,
			);
			defaultConfigurationIsVisible = 0;
			defaultConfigurationName = Release;
		};
/* End XCConfigurationList section */
	};
	rootObject = EE23DCA42B73D66F004E2292 /* Project object */;
}
